
Microsoft Visual Studio Solution File, Format Version 12.00
Project("{2150E333-8FDC-42A3-9474-1A3956D46DE8}") = "src", "src", "{F9990CF2-F825-49AF-8798-EE6E2719BD12}"
EndProject
Project("{FAE04EC0-301F-11D3-BF4B-00C04F79EFBC}") = "AuctionService", "src\AuctionService\AuctionService.csproj", "{67497C0A-4BB6-48F1-B1AF-65C586ABA09F}"
EndProject
Global
	GlobalSection(SolutionConfigurationPlatforms) = preSolution
		Debug|Any CPU = Debug|Any CPU
		Release|Any CPU = Release|Any CPU
	EndGlobalSection
	GlobalSection(ProjectConfigurationPlatforms) = postSolution
		{67497C0A-4BB6-48F1-B1AF-65C586ABA09F}.Debug|Any CPU.ActiveCfg = Debug|Any CPU
		{67497C0A-4BB6-48F1-B1AF-65C586ABA09F}.Debug|Any CPU.Build.0 = Debug|Any CPU
		{67497C0A-4BB6-48F1-B1AF-65C586ABA09F}.Release|Any CPU.ActiveCfg = Release|Any CPU
		{67497C0A-4BB6-48F1-B1AF-65C586ABA09F}.Release|Any CPU.Build.0 = Release|Any CPU
	EndGlobalSection
	GlobalSection(NestedProjects) = preSolution
		{67497C0A-4BB6-48F1-B1AF-65C586ABA09F} = {F9990CF2-F825-49AF-8798-EE6E2719BD12}
	EndGlobalSection
EndGlobal
